{
  "name": "node-app",
  "version": "1.0.0",
  "lockfileVersion": 1,
  "requires": true,
  "dependencies": {
    "uni759": {
      "version": "1.0.0",
      "resolved": "https://registry.npmjs.org/uni759/-/uni759-1.0.0.tgz",
      "integrity": "sha512-6+cgJG1eezUojH1sUPpTaBZsxZFu4p4Y4M2zsXT9ryr6WRsMNoUy/V2APpNoxr5Av5by4mMjZq5CkXsmEmQEXg=="
    }
  }
}
